
Microsoft Visual Studio Solution File, Format Version 12.00
# Visual Studio Version 17
VisualStudioVersion = 17.7.34202.233
MinimumVisualStudioVersion = 10.0.40219.1
Project("{FAE04EC0-301F-11D3-BF4B-00C04F79EFBC}") = "GRADOS", "GRADOS\GRADOS.csproj", "{0100477C-C2CD-44DD-931A-31A528490553}"
EndProject
Global
	GlobalSection(SolutionConfigurationPlatforms) = preSolution
		Debug|Any CPU = Debug|Any CPU
		Release|Any CPU = Release|Any CPU
	EndGlobalSection
	GlobalSection(ProjectConfigurationPlatforms) = postSolution
		{0100477C-C2CD-44DD-931A-31A528490553}.Debug|Any CPU.ActiveCfg = Debug|Any CPU
		{0100477C-C2CD-44DD-931A-31A528490553}.Debug|Any CPU.Build.0 = Debug|Any CPU
		{0100477C-C2CD-44DD-931A-31A528490553}.Release|Any CPU.ActiveCfg = Release|Any CPU
		{0100477C-C2CD-44DD-931A-31A528490553}.Release|Any CPU.Build.0 = Release|Any CPU
	EndGlobalSection
	GlobalSection(SolutionProperties) = preSolution
		HideSolutionNode = FALSE
	EndGlobalSection
	GlobalSection(ExtensibilityGlobals) = postSolution
		SolutionGuid = {D40EB56A-E920-45D5-95FB-4F6F99BD0B94}
	EndGlobalSection
EndGlobal
